// !$*UTF8*$!
{
	archiveVersion = 1;
	classes = {
	};
	objectVersion = 46;
	objects = {

/* Begin PBXBuildFile section */
		4C1A206D1B607F6800C5469A /* AppDelegate.swift in Sources */ = {isa = PBXBuildFile; fileRef = 4C1A206C1B607F6800C5469A /* AppDelegate.swift */; };
		4C1A206F1B607F6800C5469A /* ViewController.swift in Sources */ = {isa = PBXBuildFile; fileRef = 4C1A206E1B607F6800C5469A /* ViewController.swift */; };
		4C1A20721B607F6800C5469A /* Main.storyboard in Resources */ = {isa = PBXBuildFile; fileRef = 4C1A20701B607F6800C5469A /* Main.storyboard */; };
		4C1A20741B607F6800C5469A /* Images.xcassets in Resources */ = {isa = PBXBuildFile; fileRef = 4C1A20731B607F6800C5469A /* Images.xcassets */; };
		4C1A20771B607F6800C5469A /* LaunchScreen.xib in Resources */ = {isa = PBXBuildFile; fileRef = 4C1A20751B607F6800C5469A /* LaunchScreen.xib */; };
		4C1A20831B607F6900C5469A /* LoginProjectTests.swift in Sources */ = {isa = PBXBuildFile; fileRef = 4C1A20821B607F6900C5469A /* LoginProjectTests.swift */; };
/* End PBXBuildFile section */

/* Begin PBXContainerItemProxy section */
		4C1A207D1B607F6900C5469A /* PBXContainerItemProxy */ = {
			isa = PBXContainerItemProxy;
			containerPortal = 4C1A205F1B607F6800C5469A /* Project object */;
			proxyType = 1;
			remoteGlobalIDString = 4C1A20661B607F6800C5469A;
			remoteInfo = LoginProject;
		};
/* End PBXContainerItemProxy section */

/* Begin PBXFileReference section */
		4C1A20671B607F6800C5469A /* LoginProject.app */ = {isa = PBXFileReference; explicitFileType = wrapper.application; includeInIndex = 0; path = LoginProject.app; sourceTree = BUILT_PRODUCTS_DIR; };
		4C1A206B1B607F6800C5469A /* Info.plist */ = {isa = PBXFileReference; lastKnownFileType = text.plist.xml; path = Info.plist; sourceTree = "<group>"; };
		4C1A206C1B607F6800C5469A /* AppDelegate.swift */ = {isa = PBXFileReference; lastKnownFileType = sourcecode.swift; path = AppDelegate.swift; sourceTree = "<group>"; };
		4C1A206E1B607F6800C5469A /* ViewController.swift */ = {isa = PBXFileReference; lastKnownFileType = sourcecode.swift; path = ViewController.swift; sourceTree = "<group>"; };
		4C1A20711B607F6800C5469A /* Base */ = {isa = PBXFileReference; lastKnownFileType = file.storyboard; name = Base; path = Base.lproj/Main.storyboard; sourceTree = "<group>"; };
		4C1A20731B607F6800C5469A /* Images.xcassets */ = {isa = PBXFileReference; lastKnownFileType = folder.assetcatalog; path = Images.xcassets; sourceTree = "<group>"; };
		4C1A20761B607F6800C5469A /* Base */ = {isa = PBXFileReference; lastKnownFileType = file.xib; name = Base; path = Base.lproj/LaunchScreen.xib; sourceTree = "<group>"; };
		4C1A207C1B607F6900C5469A /* LoginProjectTests.xctest */ = {isa = PBXFileReference; explicitFileType = wrapper.cfbundle; includeInIndex = 0; path = LoginProjectTests.xctest; sourceTree = BUILT_PRODUCTS_DIR; };
		4C1A20811B607F6900C5469A /* Info.plist */ = {isa = PBXFileReference; lastKnownFileType = text.plist.xml; path = Info.plist; sourceTree = "<group>"; };
		4C1A20821B607F6900C5469A /* LoginProjectTests.swift */ = {isa = PBXFileReference; lastKnownFileType = sourcecode.swift; path = LoginProjectTests.swift; sourceTree = "<group>"; };
/* End PBXFileReference section */

/* Begin PBXFrameworksBuildPhase section */
		4C1A20641B607F6800C5469A /* Frameworks */ = {
			isa = PBXFrameworksBuildPhase;
			buildActionMask = 2147483647;
			files = (
			);
			runOnlyForDeploymentPostprocessing = 0;
		};
		4C1A20791B607F6900C5469A /* Frameworks */ = {
			isa = PBXFrameworksBuildPhase;
			buildActionMask = 2147483647;
			files = (
			);
			runOnlyForDeploymentPostprocessing = 0;
		};
/* End PBXFrameworksBuildPhase section */

/* Begin PBXGroup section */
		4C1A205E1B607F6800C5469A = {
			isa = PBXGroup;
			children = (
				4C1A20691B607F6800C5469A /* LoginProject */,
				4C1A207F1B607F6900C5469A /* LoginProjectTests */,
				4C1A20681B607F6800C5469A /* Products */,
			);
			sourceTree = "<group>";
		};
		4C1A20681B607F6800C5469A /* Products */ = {
			isa = PBXGroup;
			children = (
				4C1A20671B607F6800C5469A /* LoginProject.app */,
				4C1A207C1B607F6900C5469A /* LoginProjectTests.xctest */,
			);
			name = Products;
			sourceTree = "<group>";
		};
		4C1A20691B607F6800C5469A /* LoginProject */ = {
			isa = PBXGroup;
			children = (
				4C1A206C1B607F6800C5469A /* AppDelegate.swift */,
				4C1A206E1B607F6800C5469A /* ViewController.swift */,
				4C1A20701B607F6800C5469A /* Main.storyboard */,
				4C1A20731B607F6800C5469A /* Images.xcassets */,
				4C1A20751B607F6800C5469A /* LaunchScreen.xib */,
				4C1A206A1B607F6800C5469A /* Supporting Files */,
			);
			path = LoginProject;
			sourceTree = "<group>";
		};
		4C1A206A1B607F6800C5469A /* Supporting Files */ = {
			isa = PBXGroup;
			children = (
				4C1A206B1B607F6800C5469A /* Info.plist */,
			);
			name = "Supporting Files";
			sourceTree = "<group>";
		};
		4C1A207F1B607F6900C5469A /* LoginProjectTests */ = {
			isa = PBXGroup;
			children = (
				4C1A20821B607F6900C5469A /* LoginProjectTests.swift */,
				4C1A20801B607F6900C5469A /* Supporting Files */,
			);
			path = LoginProjectTests;
			sourceTree = "<group>";
		};
		4C1A20801B607F6900C5469A /* Supporting Files */ = {
			isa = PBXGroup;
			children = (
				4C1A20811B607F6900C5469A /* Info.plist */,
			);
			name = "Supporting Files";
			sourceTree = "<group>";
		};
/* End PBXGroup section */

/* Begin PBXNativeTarget section */
		4C1A20661B607F6800C5469A /* LoginProject */ = {
			isa = PBXNativeTarget;
			buildConfigurationList = 4C1A20861B607F6900C5469A /* Build configuration list for PBXNativeTarget "LoginProject" */;
			buildPhases = (
				4C1A20631B607F6800C5469A /* Sources */,
				4C1A20641B607F6800C5469A /* Frameworks */,
				4C1A20651B607F6800C5469A /* Resources */,
			);
			buildRules = (
			);
			dependencies = (
			);
			name = LoginProject;
			productName = LoginProject;
			productReference = 4C1A20671B607F6800C5469A /* LoginProject.app */;
			productType = "com.apple.product-type.application";
		};
		4C1A207B1B607F6900C5469A /* LoginProjectTests */ = {
			isa = PBXNativeTarget;
			buildConfigurationList = 4C1A20891B607F6900C5469A /* Build configuration list for PBXNativeTarget "LoginProjectTests" */;
			buildPhases = (
				4C1A20781B607F6900C5469A /* Sources */,
				4C1A20791B607F6900C5469A /* Frameworks */,
				4C1A207A1B607F6900C5469A /* Resources */,
			);
			buildRules = (
			);
			dependencies = (
				4C1A207E1B607F6900C5469A /* PBXTargetDependency */,
			);
			name = LoginProjectTests;
			productName = LoginProjectTests;
			productReference = 4C1A207C1B607F6900C5469A /* LoginProjectTests.xctest */;
			productType = "com.apple.product-type.bundle.unit-test";
		};
/* End PBXNativeTarget section */

/* Begin PBXProject section */
		4C1A205F1B607F6800C5469A /* Project object */ = {
			isa = PBXProject;
			attributes = {
				LastUpgradeCheck = 0640;
				ORGANIZATIONNAME = "zorch!";
				TargetAttributes = {
					4C1A20661B607F6800C5469A = {
						CreatedOnToolsVersion = 6.4;
					};
					4C1A207B1B607F6900C5469A = {
						CreatedOnToolsVersion = 6.4;
						TestTargetID = 4C1A20661B607F6800C5469A;
					};
				};
			};
			buildConfigurationList = 4C1A20621B607F6800C5469A /* Build configuration list for PBXProject "LoginProject" */;
			compatibilityVersion = "Xcode 3.2";
			developmentRegion = English;
			hasScannedForEncodings = 0;
			knownRegions = (
				en,
				Base,
			);
			mainGroup = 4C1A205E1B607F6800C5469A;
			productRefGroup = 4C1A20681B607F6800C5469A /* Products */;
			projectDirPath = "";
			projectRoot = "";
			targets = (
				4C1A20661B607F6800C5469A /* LoginProject */,
				4C1A207B1B607F6900C5469A /* LoginProjectTests */,
			);
		};
/* End PBXProject section */

/* Begin PBXResourcesBuildPhase section */
		4C1A20651B607F6800C5469A /* Resources */ = {
			isa = PBXResourcesBuildPhase;
			buildActionMask = 2147483647;
			files = (
				4C1A20721B607F6800C5469A /* Main.storyboard in Resources */,
				4C1A20771B607F6800C5469A /* LaunchScreen.xib in Resources */,
				4C1A20741B607F6800C5469A /* Images.xcassets in Resources */,
			);
			runOnlyForDeploymentPostprocessing = 0;
		};
		4C1A207A1B607F6900C5469A /* Resources */ = {
			isa = PBXResourcesBuildPhase;
			buildActionMask = 2147483647;
			files = (
			);
			runOnlyForDeploymentPostprocessing = 0;
		};
/* End PBXResourcesBuildPhase section */

/* Begin PBXSourcesBuildPhase section */
		4C1A20631B607F6800C5469A /* Sources */ = {
			isa = PBXSourcesBuildPhase;
			buildActionMask = 2147483647;
			files = (
				4C1A206F1B607F6800C5469A /* ViewController.swift in Sources */,
				4C1A206D1B607F6800C5469A /* AppDelegate.swift in Sources */,
			);
			runOnlyForDeploymentPostprocessing = 0;
		};
		4C1A20781B607F6900C5469A /* Sources */ = {
			isa = PBXSourcesBuildPhase;
			buildActionMask = 2147483647;
			files = (
				4C1A20831B607F6900C5469A /* LoginProjectTests.swift in Sources */,
			);
			runOnlyForDeploymentPostprocessing = 0;
		};
/* End PBXSourcesBuildPhase section */

/* Begin PBXTargetDependency section */
		4C1A207E1B607F6900C5469A /* PBXTargetDependency */ = {
			isa = PBXTargetDependency;
			target = 4C1A20661B607F6800C5469A /* LoginProject */;
			targetProxy = 4C1A207D1B607F6900C5469A /* PBXContainerItemProxy */;
		};
/* End PBXTargetDependency section */

/* Begin PBXVariantGroup section */
		4C1A20701B607F6800C5469A /* Main.storyboard */ = {
			isa = PBXVariantGroup;
			children = (
				4C1A20711B607F6800C5469A /* Base */,
			);
			name = Main.storyboard;
			sourceTree = "<group>";
		};
		4C1A20751B607F6800C5469A /* LaunchScreen.xib */ = {
			isa = PBXVariantGroup;
			children = (
				4C1A20761B607F6800C5469A /* Base */,
			);
			name = LaunchScreen.xib;
			sourceTree = "<group>";
		};
/* End PBXVariantGroup section */

/* Begin XCBuildConfiguration section */
		4C1A20841B607F6900C5469A /* Debug */ = {
			isa = XCBuildConfiguration;
			buildSettings = {
				ALWAYS_SEARCH_USER_PATHS = NO;
				CLANG_CXX_LANGUAGE_STANDARD = "gnu++0x";
				CLANG_CXX_LIBRARY = "libc++";
				CLANG_ENABLE_MODULES = YES;
				CLANG_ENABLE_OBJC_ARC = YES;
				CLANG_WARN_BOOL_CONVERSION = YES;
				CLANG_WARN_CONSTANT_CONVERSION = YES;
				CLANG_WARN_DIRECT_OBJC_ISA_USAGE = YES_ERROR;
				CLANG_WARN_EMPTY_BODY = YES;
				CLANG_WARN_ENUM_CONVERSION = YES;
				CLANG_WARN_INT_CONVERSION = YES;
				CLANG_WARN_OBJC_ROOT_CLASS = YES_ERROR;
				CLANG_WARN_UNREACHABLE_CODE = YES;
				CLANG_WARN__DUPLICATE_METHOD_MATCH = YES;
				"CODE_SIGN_IDENTITY[sdk=iphoneos*]" = "iPhone Developer";
				COPY_PHASE_STRIP = NO;
				DEBUG_INFORMATION_FORMAT = "dwarf-with-dsym";
				ENABLE_STRICT_OBJC_MSGSEND = YES;
				GCC_C_LANGUAGE_STANDARD = gnu99;
				GCC_DYNAMIC_NO_PIC = NO;
				GCC_NO_COMMON_BLOCKS = YES;
				GCC_OPTIMIZATION_LEVEL = 0;
				GCC_PREPROCESSOR_DEFINITIONS = (
					"DEBUG=1",
					"$(inherited)",
				);
				GCC_SYMBOLS_PRIVATE_EXTERN = NO;
				GCC_WARN_64_TO_32_BIT_CONVERSION = YES;
				GCC_WARN_ABOUT_RETURN_TYPE = YES_ERROR;
				GCC_WARN_UNDECLARED_SELECTOR = YES;
				GCC_WARN_UNINITIALIZED_AUTOS = YES_AGGRESSIVE;
				GCC_WARN_UNUSED_FUNCTION = YES;
				GCC_WARN_UNUSED_VARIABLE = YES;
				IPHONEOS_DEPLOYMENT_TARGET = 8.4;
				MTL_ENABLE_DEBUG_INFO = YES;
				ONLY_ACTIVE_ARCH = YES;
				SDKROOT = iphoneos;
				SWIFT_OPTIMIZATION_LEVEL = "-Onone";
				TARGETED_DEVICE_FAMILY = "1,2";
			};
			name = Debug;
		};
		4C1A20851B607F6900C5469A /* Release */ = {
			isa = XCBuildConfiguration;
			buildSettings = {
				ALWAYS_SEARCH_USER_PATHS = NO;
				CLANG_CXX_LANGUAGE_STANDARD = "gnu++0x";
				CLANG_CXX_LIBRARY = "libc++";
				CLANG_ENABLE_MODULES = YES;
				CLANG_ENABLE_OBJC_ARC = YES;
				CLANG_WARN_BOOL_CONVERSION = YES;
				CLANG_WARN_CONSTANT_CONVERSION = YES;
				CLANG_WARN_DIRECT_OBJC_ISA_USAGE = YES_ERROR;
				CLANG_WARN_EMPTY_BODY = YES;
				CLANG_WARN_ENUM_CONVERSION = YES;
				CLANG_WARN_INT_CONVERSION = YES;
				CLANG_WARN_OBJC_ROOT_CLASS = YES_ERROR;
				CLANG_WARN_UNREACHABLE_CODE = YES;
				CLANG_WARN__DUPLICATE_METHOD_MATCH = YES;
				"CODE_SIGN_IDENTITY[sdk=iphoneos*]" = "iPhone Developer";
				COPY_PHASE_STRIP = NO;
				DEBUG_INFORMATION_FORMAT = "dwarf-with-dsym";
				ENABLE_NS_ASSERTIONS = NO;
				ENABLE_STRICT_OBJC_MSGSEND = YES;
				GCC_C_LANGUAGE_STANDARD = gnu99;
				GCC_NO_COMMON_BLOCKS = YES;
				GCC_WARN_64_TO_32_BIT_CONVERSION = YES;
				GCC_WARN_ABOUT_RETURN_TYPE = YES_ERROR;
				GCC_WARN_UNDECLARED_SELECTOR = YES;
				GCC_WARN_UNINITIALIZED_AUTOS = YES_AGGRESSIVE;
				GCC_WARN_UNUSED_FUNCTION = YES;
				GCC_WARN_UNUSED_VARIABLE = YES;
				IPHONEOS_DEPLOYMENT_TARGET = 8.4;
				MTL_ENABLE_DEBUG_INFO = NO;
				SDKROOT = iphoneos;
				TARGETED_DEVICE_FAMILY = "1,2";
				VALIDATE_PRODUCT = YES;
			};
			name = Release;
		};
		4C1A20871B607F6900C5469A /* Debug */ = {
			isa = XCBuildConfiguration;
			buildSettings = {
				ASSETCATALOG_COMPILER_APPICON_NAME = AppIcon;
				INFOPLIST_FILE = LoginProject/Info.plist;
				LD_RUNPATH_SEARCH_PATHS = "$(inherited) @executable_path/Frameworks";
				PRODUCT_NAME = "$(TARGET_NAME)";
			};
			name = Debug;
		};
		4C1A20881B607F6900C5469A /* Release */ = {
			isa = XCBuildConfiguration;
			buildSettings = {
				ASSETCATALOG_COMPILER_APPICON_NAME = AppIcon;
				INFOPLIST_FILE = LoginProject/Info.plist;
				LD_RUNPATH_SEARCH_PATHS = "$(inherited) @executable_path/Frameworks";
				PRODUCT_NAME = "$(TARGET_NAME)";
			};
			name = Release;
		};
		4C1A208A1B607F6900C5469A /* Debug */ = {
			isa = XCBuildConfiguration;
			buildSettings = {
				BUNDLE_LOADER = "$(TEST_HOST)";
				FRAMEWORK_SEARCH_PATHS = (
					"$(SDKROOT)/Developer/Library/Frameworks",
					"$(inherited)",
				);
				GCC_PREPROCESSOR_DEFINITIONS = (
					"DEBUG=1",
					"$(inherited)",
				);
				INFOPLIST_FILE = LoginProjectTests/Info.plist;
				LD_RUNPATH_SEARCH_PATHS = "$(inherited) @executable_path/Frameworks @loader_path/Frameworks";
				PRODUCT_NAME = "$(TARGET_NAME)";
				TEST_HOST = "$(BUILT_PRODUCTS_DIR)/LoginProject.app/LoginProject";
			};
			name = Debug;
		};
		4C1A208B1B607F6900C5469A /* Release */ = {
			isa = XCBuildConfiguration;
			buildSettings = {
				BUNDLE_LOADER = "$(TEST_HOST)";
				FRAMEWORK_SEARCH_PATHS = (
					"$(SDKROOT)/Developer/Library/Frameworks",
					"$(inherited)",
				);
				INFOPLIST_FILE = LoginProjectTests/Info.plist;
				LD_RUNPATH_SEARCH_PATHS = "$(inherited) @executable_path/Frameworks @loader_path/Frameworks";
				PRODUCT_NAME = "$(TARGET_NAME)";
				TEST_HOST = "$(BUILT_PRODUCTS_DIR)/LoginProject.app/LoginProject";
			};
			name = Release;
		};
/* End XCBuildConfiguration section */

/* Begin XCConfigurationList section */
		4C1A20621B607F6800C5469A /* Build configuration list for PBXProject "LoginProject" */ = {
			isa = XCConfigurationList;
			buildConfigurations = (
				4C1A20841B607F6900C5469A /* Debug */,
				4C1A20851B607F6900C5469A /* Release */,
			);
			defaultConfigurationIsVisible = 0;
			defaultConfigurationName = Release;
		};
		4C1A20861B607F6900C5469A /* Build configuration list for PBXNativeTarget "LoginProject" */ = {
			isa = XCConfigurationList;
			buildConfigurations = (
				4C1A20871B607F6900C5469A /* Debug */,
				4C1A20881B607F6900C5469A /* Release */,
			);
			defaultConfigurationIsVisible = 0;
		};
		4C1A20891B607F6900C5469A /* Build configuration list for PBXNativeTarget "LoginProjectTests" */ = {
			isa = XCConfigurationList;
			buildConfigurations = (
				4C1A208A1B607F6900C5469A /* Debug */,
				4C1A208B1B607F6900C5469A /* Release */,
			);
			defaultConfigurationIsVisible = 0;
		};
/* End XCConfigurationList section */
	};
	rootObject = 4C1A205F1B607F6800C5469A /* Project object */;
}
